// !$*UTF8*$!
{
	archiveVersion = 1;
	classes = {
	};
	objectVersion = 51;
	objects = {

/* Begin PBXBuildFile section */
		8449FED325DE3F000061168D /* AppDelegate.swift in Sources */ = {isa = PBXBuildFile; fileRef = 8449FED225DE3F000061168D /* AppDelegate.swift */; };
		8449FED525DE3F000061168D /* SceneDelegate.swift in Sources */ = {isa = PBXBuildFile; fileRef = 8449FED425DE3F000061168D /* SceneDelegate.swift */; };
		8449FED725DE3F000061168D /* SearchViewController.swift in Sources */ = {isa = PBXBuildFile; fileRef = 8449FED625DE3F000061168D /* SearchViewController.swift */; };
		8449FEDA25DE3F000061168D /* Main.storyboard in Resources */ = {isa = PBXBuildFile; fileRef = 8449FED825DE3F000061168D /* Main.storyboard */; };
		8449FEDC25DE3F080061168D /* Assets.xcassets in Resources */ = {isa = PBXBuildFile; fileRef = 8449FEDB25DE3F080061168D /* Assets.xcassets */; };
		8449FEDF25DE3F080061168D /* LaunchScreen.storyboard in Resources */ = {isa = PBXBuildFile; fileRef = 8449FEDD25DE3F080061168D /* LaunchScreen.storyboard */; };
		8449FEE725DE444C0061168D /* API.swift in Sources */ = {isa = PBXBuildFile; fileRef = 8449FEE625DE444C0061168D /* API.swift */; };
		8449FEE925DE461F0061168D /* NetworkManager.swift in Sources */ = {isa = PBXBuildFile; fileRef = 8449FEE825DE461F0061168D /* NetworkManager.swift */; };
		8449FEED25DE50670061168D /* Keys.swift in Sources */ = {isa = PBXBuildFile; fileRef = 8449FEEC25DE50670061168D /* Keys.swift */; };
		8449FEF025DE51670061168D /* Movie.swift in Sources */ = {isa = PBXBuildFile; fileRef = 8449FEEF25DE51670061168D /* Movie.swift */; };
		8449FEF225DE51A90061168D /* Cast.swift in Sources */ = {isa = PBXBuildFile; fileRef = 8449FEF125DE51A90061168D /* Cast.swift */; };
		8449FEF425DE52040061168D /* Video.swift in Sources */ = {isa = PBXBuildFile; fileRef = 8449FEF325DE52040061168D /* Video.swift */; };
		8449FEF625DE52340061168D /* Review.swift in Sources */ = {isa = PBXBuildFile; fileRef = 8449FEF525DE52340061168D /* Review.swift */; };
		8449FEF925DE7EB80061168D /* SearchCollectionViewCell.swift in Sources */ = {isa = PBXBuildFile; fileRef = 8449FEF825DE7EB80061168D /* SearchCollectionViewCell.swift */; };
		8449FEFB25DE810E0061168D /* ImageView + KF.swift in Sources */ = {isa = PBXBuildFile; fileRef = 8449FEFA25DE810E0061168D /* ImageView + KF.swift */; };
		8449FEFF25DE89930061168D /* DetailViewController.swift in Sources */ = {isa = PBXBuildFile; fileRef = 8449FEFE25DE89930061168D /* DetailViewController.swift */; };
		8449FF0125DE89B40061168D /* ExtraDetailViewController.swift in Sources */ = {isa = PBXBuildFile; fileRef = 8449FF0025DE89B40061168D /* ExtraDetailViewController.swift */; };
		8449FF0325DE8C760061168D /* CastCollectionViewCell.swift in Sources */ = {isa = PBXBuildFile; fileRef = 8449FF0225DE8C760061168D /* CastCollectionViewCell.swift */; };
		8449FF0625DE916B0061168D /* ReviewTableViewCell.swift in Sources */ = {isa = PBXBuildFile; fileRef = 8449FF0525DE916B0061168D /* ReviewTableViewCell.swift */; };
		8449FF0925DEAD460061168D /* PreLoadScreenViewController.swift in Sources */ = {isa = PBXBuildFile; fileRef = 8449FF0825DEAD460061168D /* PreLoadScreenViewController.swift */; };
		8449FF0B25DEADBC0061168D /* PreDataLoad.storyboard in Resources */ = {isa = PBXBuildFile; fileRef = 8449FF0A25DEADBC0061168D /* PreDataLoad.storyboard */; };
		94295D144A1E0FE8123E0F8A /* Pods_Loodos_MovieApp_.framework in Frameworks */ = {isa = PBXBuildFile; fileRef = 71ADF9EB41B8D0D8A0A72CE6 /* Pods_Loodos_MovieApp_.framework */; };
/* End PBXBuildFile section */

/* Begin PBXFileReference section */
		2C76FA9BABC984CDF5719CC8 /* Pods-Loodos(MovieApp).release.xcconfig */ = {isa = PBXFileReference; includeInIndex = 1; lastKnownFileType = text.xcconfig; name = "Pods-Loodos(MovieApp).release.xcconfig"; path = "Target Support Files/Pods-Loodos(MovieApp)/Pods-Loodos(MovieApp).release.xcconfig"; sourceTree = "<group>"; };
		71ADF9EB41B8D0D8A0A72CE6 /* Pods_Loodos_MovieApp_.framework */ = {isa = PBXFileReference; explicitFileType = wrapper.framework; includeInIndex = 0; path = Pods_Loodos_MovieApp_.framework; sourceTree = BUILT_PRODUCTS_DIR; };
		8449FECF25DE3F000061168D /* Loodos(MovieApp).app */ = {isa = PBXFileReference; explicitFileType = wrapper.application; includeInIndex = 0; path = "Loodos(MovieApp).app"; sourceTree = BUILT_PRODUCTS_DIR; };
		8449FED225DE3F000061168D /* AppDelegate.swift */ = {isa = PBXFileReference; lastKnownFileType = sourcecode.swift; path = AppDelegate.swift; sourceTree = "<group>"; };
		8449FED425DE3F000061168D /* SceneDelegate.swift */ = {isa = PBXFileReference; lastKnownFileType = sourcecode.swift; path = SceneDelegate.swift; sourceTree = "<group>"; };
		8449FED625DE3F000061168D /* SearchViewController.swift */ = {isa = PBXFileReference; lastKnownFileType = sourcecode.swift; path = SearchViewController.swift; sourceTree = "<group>"; };
		8449FED925DE3F000061168D /* Base */ = {isa = PBXFileReference; lastKnownFileType = file.storyboard; name = Base; path = Base.lproj/Main.storyboard; sourceTree = "<group>"; };
		8449FEDB25DE3F080061168D /* Assets.xcassets */ = {isa = PBXFileReference; lastKnownFileType = folder.assetcatalog; path = Assets.xcassets; sourceTree = "<group>"; };
		8449FEDE25DE3F080061168D /* Base */ = {isa = PBXFileReference; lastKnownFileType = file.storyboard; name = Base; path = Base.lproj/LaunchScreen.storyboard; sourceTree = "<group>"; };
		8449FEE025DE3F080061168D /* Info.plist */ = {isa = PBXFileReference; lastKnownFileType = text.plist.xml; path = Info.plist; sourceTree = "<group>"; };
		8449FEE625DE444C0061168D /* API.swift */ = {isa = PBXFileReference; lastKnownFileType = sourcecode.swift; path = API.swift; sourceTree = "<group>"; };
		8449FEE825DE461F0061168D /* NetworkManager.swift */ = {isa = PBXFileReference; lastKnownFileType = sourcecode.swift; path = NetworkManager.swift; sourceTree = "<group>"; };
		8449FEEC25DE50670061168D /* Keys.swift */ = {isa = PBXFileReference; lastKnownFileType = sourcecode.swift; path = Keys.swift; sourceTree = "<group>"; };
		8449FEEF25DE51670061168D /* Movie.swift */ = {isa = PBXFileReference; lastKnownFileType = sourcecode.swift; path = Movie.swift; sourceTree = "<group>"; };
		8449FEF125DE51A90061168D /* Cast.swift */ = {isa = PBXFileReference; lastKnownFileType = sourcecode.swift; path = Cast.swift; sourceTree = "<group>"; };
		8449FEF325DE52040061168D /* Video.swift */ = {isa = PBXFileReference; lastKnownFileType = sourcecode.swift; path = Video.swift; sourceTree = "<group>"; };
		8449FEF525DE52340061168D /* Review.swift */ = {isa = PBXFileReference; lastKnownFileType = sourcecode.swift; path = Review.swift; sourceTree = "<group>"; };
		8449FEF825DE7EB80061168D /* SearchCollectionViewCell.swift */ = {isa = PBXFileReference; lastKnownFileType = sourcecode.swift; path = SearchCollectionViewCell.swift; sourceTree = "<group>"; };
		8449FEFA25DE810E0061168D /* ImageView + KF.swift */ = {isa = PBXFileReference; lastKnownFileType = sourcecode.swift; path = "ImageView + KF.swift"; sourceTree = "<group>"; };
		8449FEFE25DE89930061168D /* DetailViewController.swift */ = {isa = PBXFileReference; lastKnownFileType = sourcecode.swift; path = DetailViewController.swift; sourceTree = "<group>"; };
		8449FF0025DE89B40061168D /* ExtraDetailViewController.swift */ = {isa = PBXFileReference; lastKnownFileType = sourcecode.swift; path = ExtraDetailViewController.swift; sourceTree = "<group>"; };
		8449FF0225DE8C760061168D /* CastCollectionViewCell.swift */ = {isa = PBXFileReference; lastKnownFileType = sourcecode.swift; path = CastCollectionViewCell.swift; sourceTree = "<group>"; };
		8449FF0525DE916B0061168D /* ReviewTableViewCell.swift */ = {isa = PBXFileReference; lastKnownFileType = sourcecode.swift; path = ReviewTableViewCell.swift; sourceTree = "<group>"; };
		8449FF0825DEAD460061168D /* PreLoadScreenViewController.swift */ = {isa = PBXFileReference; lastKnownFileType = sourcecode.swift; path = PreLoadScreenViewController.swift; sourceTree = "<group>"; };
		8449FF0A25DEADBC0061168D /* PreDataLoad.storyboard */ = {isa = PBXFileReference; lastKnownFileType = file.storyboard; path = PreDataLoad.storyboard; sourceTree = "<group>"; };
		DB7E56095D26DC0294E7D48B /* Pods-Loodos(MovieApp).debug.xcconfig */ = {isa = PBXFileReference; includeInIndex = 1; lastKnownFileType = text.xcconfig; name = "Pods-Loodos(MovieApp).debug.xcconfig"; path = "Target Support Files/Pods-Loodos(MovieApp)/Pods-Loodos(MovieApp).debug.xcconfig"; sourceTree = "<group>"; };
/* End PBXFileReference section */

/* Begin PBXFrameworksBuildPhase section */
		8449FECC25DE3F000061168D /* Frameworks */ = {
			isa = PBXFrameworksBuildPhase;
			buildActionMask = 2147483647;
			files = (
				94295D144A1E0FE8123E0F8A /* Pods_Loodos_MovieApp_.framework in Frameworks */,
			);
			runOnlyForDeploymentPostprocessing = 0;
		};
/* End PBXFrameworksBuildPhase section */

/* Begin PBXGroup section */
		2DC8A32919EAE21D3C13FA5C /* Pods */ = {
			isa = PBXGroup;
			children = (
				DB7E56095D26DC0294E7D48B /* Pods-Loodos(MovieApp).debug.xcconfig */,
				2C76FA9BABC984CDF5719CC8 /* Pods-Loodos(MovieApp).release.xcconfig */,
			);
			path = Pods;
			sourceTree = "<group>";
		};
		8449FEC625DE3F000061168D = {
			isa = PBXGroup;
			children = (
				8449FED125DE3F000061168D /* Loodos(MovieApp) */,
				8449FED025DE3F000061168D /* Products */,
				2DC8A32919EAE21D3C13FA5C /* Pods */,
				B35842A45C9CA0261F2388EB /* Frameworks */,
			);
			sourceTree = "<group>";
		};
		8449FED025DE3F000061168D /* Products */ = {
			isa = PBXGroup;
			children = (
				8449FECF25DE3F000061168D /* Loodos(MovieApp).app */,
			);
			name = Products;
			sourceTree = "<group>";
		};
		8449FED125DE3F000061168D /* Loodos(MovieApp) */ = {
			isa = PBXGroup;
			children = (
				8449FED225DE3F000061168D /* AppDelegate.swift */,
				8449FED425DE3F000061168D /* SceneDelegate.swift */,
				8449FEFC25DE81230061168D /* Extension */,
				8449FEFD25DE89630061168D /* Search ViewController */,
				8449FED825DE3F000061168D /* Main.storyboard */,
				8449FF0A25DEADBC0061168D /* PreDataLoad.storyboard */,
				8449FF0825DEAD460061168D /* PreLoadScreenViewController.swift */,
				8449FF0425DE8D9C0061168D /* Detail ViewController */,
				8449FF0725DE95680061168D /* ExtraDetail ViewController */,
				8449FEDB25DE3F080061168D /* Assets.xcassets */,
				8449FEDD25DE3F080061168D /* LaunchScreen.storyboard */,
				8449FEE025DE3F080061168D /* Info.plist */,
				8449FEF725DE52510061168D /* Model */,
				8449FEEE25DE511E0061168D /* Network */,
			);
			path = "Loodos(MovieApp)";
			sourceTree = "<group>";
		};
		8449FEEE25DE511E0061168D /* Network */ = {
			isa = PBXGroup;
			children = (
				8449FEEC25DE50670061168D /* Keys.swift */,
				8449FEE625DE444C0061168D /* API.swift */,
				8449FEE825DE461F0061168D /* NetworkManager.swift */,
			);
			path = Network;
			sourceTree = "<group>";
		};
		8449FEF725DE52510061168D /* Model */ = {
			isa = PBXGroup;
			children = (
				8449FEEF25DE51670061168D /* Movie.swift */,
				8449FEF125DE51A90061168D /* Cast.swift */,
				8449FEF525DE52340061168D /* Review.swift */,
				8449FEF325DE52040061168D /* Video.swift */,
			);
			path = Model;
			sourceTree = "<group>";
		};
		8449FEFC25DE81230061168D /* Extension */ = {
			isa = PBXGroup;
			children = (
				8449FEFA25DE810E0061168D /* ImageView + KF.swift */,
			);
			path = Extension;
			sourceTree = "<group>";
		};
		8449FEFD25DE89630061168D /* Search ViewController */ = {
			isa = PBXGroup;
			children = (
				8449FED625DE3F000061168D /* SearchViewController.swift */,
				8449FEF825DE7EB80061168D /* SearchCollectionViewCell.swift */,
			);
			path = "Search ViewController";
			sourceTree = "<group>";
		};
		8449FF0425DE8D9C0061168D /* Detail ViewController */ = {
			isa = PBXGroup;
			children = (
				8449FEFE25DE89930061168D /* DetailViewController.swift */,
				8449FF0225DE8C760061168D /* CastCollectionViewCell.swift */,
			);
			path = "Detail ViewController";
			sourceTree = "<group>";
		};
		8449FF0725DE95680061168D /* ExtraDetail ViewController */ = {
			isa = PBXGroup;
			children = (
				8449FF0025DE89B40061168D /* ExtraDetailViewController.swift */,
				8449FF0525DE916B0061168D /* ReviewTableViewCell.swift */,
			);
			path = "ExtraDetail ViewController";
			sourceTree = "<group>";
		};
		B35842A45C9CA0261F2388EB /* Frameworks */ = {
			isa = PBXGroup;
			children = (
				71ADF9EB41B8D0D8A0A72CE6 /* Pods_Loodos_MovieApp_.framework */,
			);
			name = Frameworks;
			sourceTree = "<group>";
		};
/* End PBXGroup section */

/* Begin PBXNativeTarget section */
		8449FECE25DE3F000061168D /* Loodos(MovieApp) */ = {
			isa = PBXNativeTarget;
			buildConfigurationList = 8449FEE325DE3F080061168D /* Build configuration list for PBXNativeTarget "Loodos(MovieApp)" */;
			buildPhases = (
				3A05692336B1609C024F2FBA /* [CP] Check Pods Manifest.lock */,
				8449FECB25DE3F000061168D /* Sources */,
				8449FECC25DE3F000061168D /* Frameworks */,
				8449FECD25DE3F000061168D /* Resources */,
				A0C18C832867A79AD1B90FDA /* [CP] Embed Pods Frameworks */,
			);
			buildRules = (
			);
			dependencies = (
			);
			name = "Loodos(MovieApp)";
			productName = "Loodos(MovieApp)";
			productReference = 8449FECF25DE3F000061168D /* Loodos(MovieApp).app */;
			productType = "com.apple.product-type.application";
		};
/* End PBXNativeTarget section */

/* Begin PBXProject section */
		8449FEC725DE3F000061168D /* Project object */ = {
			isa = PBXProject;
			attributes = {
				LastSwiftUpdateCheck = 1170;
				LastUpgradeCheck = 1170;
				ORGANIZATIONNAME = esaygiver;
				TargetAttributes = {
					8449FECE25DE3F000061168D = {
						CreatedOnToolsVersion = 11.7;
					};
				};
			};
			buildConfigurationList = 8449FECA25DE3F000061168D /* Build configuration list for PBXProject "Loodos(MovieApp)" */;
			compatibilityVersion = "Xcode 9.3";
			developmentRegion = en;
			hasScannedForEncodings = 0;
			knownRegions = (
				en,
				Base,
			);
			mainGroup = 8449FEC625DE3F000061168D;
			productRefGroup = 8449FED025DE3F000061168D /* Products */;
			projectDirPath = "";
			projectRoot = "";
			targets = (
				8449FECE25DE3F000061168D /* Loodos(MovieApp) */,
			);
		};
/* End PBXProject section */

/* Begin PBXResourcesBuildPhase section */
		8449FECD25DE3F000061168D /* Resources */ = {
			isa = PBXResourcesBuildPhase;
			buildActionMask = 2147483647;
			files = (
				8449FEDF25DE3F080061168D /* LaunchScreen.storyboard in Resources */,
				8449FEDC25DE3F080061168D /* Assets.xcassets in Resources */,
				8449FF0B25DEADBC0061168D /* PreDataLoad.storyboard in Resources */,
				8449FEDA25DE3F000061168D /* Main.storyboard in Resources */,
			);
			runOnlyForDeploymentPostprocessing = 0;
		};
/* End PBXResourcesBuildPhase section */

/* Begin PBXShellScriptBuildPhase section */
		3A05692336B1609C024F2FBA /* [CP] Check Pods Manifest.lock */ = {
			isa = PBXShellScriptBuildPhase;
			buildActionMask = 2147483647;
			files = (
			);
			inputFileListPaths = (
			);
			inputPaths = (
				"${PODS_PODFILE_DIR_PATH}/Podfile.lock",
				"${PODS_ROOT}/Manifest.lock",
			);
			name = "[CP] Check Pods Manifest.lock";
			outputFileListPaths = (
			);
			outputPaths = (
				"$(DERIVED_FILE_DIR)/Pods-Loodos(MovieApp)-checkManifestLockResult.txt",
			);
			runOnlyForDeploymentPostprocessing = 0;
			shellPath = /bin/sh;
			shellScript = "diff \"${PODS_PODFILE_DIR_PATH}/Podfile.lock\" \"${PODS_ROOT}/Manifest.lock\" > /dev/null\nif [ $? != 0 ] ; then\n    # print error to STDERR\n    echo \"error: The sandbox is not in sync with the Podfile.lock. Run 'pod install' or update your CocoaPods installation.\" >&2\n    exit 1\nfi\n# This output is used by Xcode 'outputs' to avoid re-running this script phase.\necho \"SUCCESS\" > \"${SCRIPT_OUTPUT_FILE_0}\"\n";
			showEnvVarsInLog = 0;
		};
		A0C18C832867A79AD1B90FDA /* [CP] Embed Pods Frameworks */ = {
			isa = PBXShellScriptBuildPhase;
			buildActionMask = 2147483647;
			files = (
			);
			inputFileListPaths = (
				"${PODS_ROOT}/Target Support Files/Pods-Loodos(MovieApp)/Pods-Loodos(MovieApp)-frameworks-${CONFIGURATION}-input-files.xcfilelist",
			);
			name = "[CP] Embed Pods Frameworks";
			outputFileListPaths = (
				"${PODS_ROOT}/Target Support Files/Pods-Loodos(MovieApp)/Pods-Loodos(MovieApp)-frameworks-${CONFIGURATION}-output-files.xcfilelist",
			);
			runOnlyForDeploymentPostprocessing = 0;
			shellPath = /bin/sh;
			shellScript = "\"${PODS_ROOT}/Target Support Files/Pods-Loodos(MovieApp)/Pods-Loodos(MovieApp)-frameworks.sh\"\n";
			showEnvVarsInLog = 0;
		};
/* End PBXShellScriptBuildPhase section */

/* Begin PBXSourcesBuildPhase section */
		8449FECB25DE3F000061168D /* Sources */ = {
			isa = PBXSourcesBuildPhase;
			buildActionMask = 2147483647;
			files = (
				8449FF0125DE89B40061168D /* ExtraDetailViewController.swift in Sources */,
				8449FEFF25DE89930061168D /* DetailViewController.swift in Sources */,
				8449FEF225DE51A90061168D /* Cast.swift in Sources */,
				8449FEF025DE51670061168D /* Movie.swift in Sources */,
				8449FEF925DE7EB80061168D /* SearchCollectionViewCell.swift in Sources */,
				8449FED725DE3F000061168D /* SearchViewController.swift in Sources */,
				8449FED325DE3F000061168D /* AppDelegate.swift in Sources */,
				8449FF0925DEAD460061168D /* PreLoadScreenViewController.swift in Sources */,
				8449FEF425DE52040061168D /* Video.swift in Sources */,
				8449FEF625DE52340061168D /* Review.swift in Sources */,
				8449FF0625DE916B0061168D /* ReviewTableViewCell.swift in Sources */,
				8449FEE925DE461F0061168D /* NetworkManager.swift in Sources */,
				8449FEED25DE50670061168D /* Keys.swift in Sources */,
				8449FEFB25DE810E0061168D /* ImageView + KF.swift in Sources */,
				8449FF0325DE8C760061168D /* CastCollectionViewCell.swift in Sources */,
				8449FEE725DE444C0061168D /* API.swift in Sources */,
				8449FED525DE3F000061168D /* SceneDelegate.swift in Sources */,
			);
			runOnlyForDeploymentPostprocessing = 0;
		};
/* End PBXSourcesBuildPhase section */

/* Begin PBXVariantGroup section */
		8449FED825DE3F000061168D /* Main.storyboard */ = {
			isa = PBXVariantGroup;
			children = (
				8449FED925DE3F000061168D /* Base */,
			);
			name = Main.storyboard;
			sourceTree = "<group>";
		};
		8449FEDD25DE3F080061168D /* LaunchScreen.storyboard */ = {
			isa = PBXVariantGroup;
			children = (
				8449FEDE25DE3F080061168D /* Base */,
			);
			name = LaunchScreen.storyboard;
			sourceTree = "<group>";
		};
/* End PBXVariantGroup section */

/* Begin XCBuildConfiguration section */
		8449FEE125DE3F080061168D /* Debug */ = {
			isa = XCBuildConfiguration;
			buildSettings = {
				ALWAYS_SEARCH_USER_PATHS = NO;
				CLANG_ANALYZER_NONNULL = YES;
				CLANG_ANALYZER_NUMBER_OBJECT_CONVERSION = YES_AGGRESSIVE;
				CLANG_CXX_LANGUAGE_STANDARD = "gnu++14";
				CLANG_CXX_LIBRARY = "libc++";
				CLANG_ENABLE_MODULES = YES;
				CLANG_ENABLE_OBJC_ARC = YES;
				CLANG_ENABLE_OBJC_WEAK = YES;
				CLANG_WARN_BLOCK_CAPTURE_AUTORELEASING = YES;
				CLANG_WARN_BOOL_CONVERSION = YES;
				CLANG_WARN_COMMA = YES;
				CLANG_WARN_CONSTANT_CONVERSION = YES;
				CLANG_WARN_DEPRECATED_OBJC_IMPLEMENTATIONS = YES;
				CLANG_WARN_DIRECT_OBJC_ISA_USAGE = YES_ERROR;
				CLANG_WARN_DOCUMENTATION_COMMENTS = YES;
				CLANG_WARN_EMPTY_BODY = YES;
				CLANG_WARN_ENUM_CONVERSION = YES;
				CLANG_WARN_INFINITE_RECURSION = YES;
				CLANG_WARN_INT_CONVERSION = YES;
				CLANG_WARN_NON_LITERAL_NULL_CONVERSION = YES;
				CLANG_WARN_OBJC_IMPLICIT_RETAIN_SELF = YES;
				CLANG_WARN_OBJC_LITERAL_CONVERSION = YES;
				CLANG_WARN_OBJC_ROOT_CLASS = YES_ERROR;
				CLANG_WARN_RANGE_LOOP_ANALYSIS = YES;
				CLANG_WARN_STRICT_PROTOTYPES = YES;
				CLANG_WARN_SUSPICIOUS_MOVE = YES;
				CLANG_WARN_UNGUARDED_AVAILABILITY = YES_AGGRESSIVE;
				CLANG_WARN_UNREACHABLE_CODE = YES;
				CLANG_WARN__DUPLICATE_METHOD_MATCH = YES;
				COPY_PHASE_STRIP = NO;
				DEBUG_INFORMATION_FORMAT = dwarf;
				ENABLE_STRICT_OBJC_MSGSEND = YES;
				ENABLE_TESTABILITY = YES;
				GCC_C_LANGUAGE_STANDARD = gnu11;
				GCC_DYNAMIC_NO_PIC = NO;
				GCC_NO_COMMON_BLOCKS = YES;
				GCC_OPTIMIZATION_LEVEL = 0;
				GCC_PREPROCESSOR_DEFINITIONS = (
					"DEBUG=1",
					"$(inherited)",
				);
				GCC_WARN_64_TO_32_BIT_CONVERSION = YES;
				GCC_WARN_ABOUT_RETURN_TYPE = YES_ERROR;
				GCC_WARN_UNDECLARED_SELECTOR = YES;
				GCC_WARN_UNINITIALIZED_AUTOS = YES_AGGRESSIVE;
				GCC_WARN_UNUSED_FUNCTION = YES;
				GCC_WARN_UNUSED_VARIABLE = YES;
				IPHONEOS_DEPLOYMENT_TARGET = 13.7;
				MTL_ENABLE_DEBUG_INFO = INCLUDE_SOURCE;
				MTL_FAST_MATH = YES;
				ONLY_ACTIVE_ARCH = YES;
				SDKROOT = iphoneos;
				SWIFT_ACTIVE_COMPILATION_CONDITIONS = DEBUG;
				SWIFT_OPTIMIZATION_LEVEL = "-Onone";
			};
			name = Debug;
		};
		8449FEE225DE3F080061168D /* Release */ = {
			isa = XCBuildConfiguration;
			buildSettings = {
				ALWAYS_SEARCH_USER_PATHS = NO;
				CLANG_ANALYZER_NONNULL = YES;
				CLANG_ANALYZER_NUMBER_OBJECT_CONVERSION = YES_AGGRESSIVE;
				CLANG_CXX_LANGUAGE_STANDARD = "gnu++14";
				CLANG_CXX_LIBRARY = "libc++";
				CLANG_ENABLE_MODULES = YES;
				CLANG_ENABLE_OBJC_ARC = YES;
				CLANG_ENABLE_OBJC_WEAK = YES;
				CLANG_WARN_BLOCK_CAPTURE_AUTORELEASING = YES;
				CLANG_WARN_BOOL_CONVERSION = YES;
				CLANG_WARN_COMMA = YES;
				CLANG_WARN_CONSTANT_CONVERSION = YES;
				CLANG_WARN_DEPRECATED_OBJC_IMPLEMENTATIONS = YES;
				CLANG_WARN_DIRECT_OBJC_ISA_USAGE = YES_ERROR;
				CLANG_WARN_DOCUMENTATION_COMMENTS = YES;
				CLANG_WARN_EMPTY_BODY = YES;
				CLANG_WARN_ENUM_CONVERSION = YES;
				CLANG_WARN_INFINITE_RECURSION = YES;
				CLANG_WARN_INT_CONVERSION = YES;
				CLANG_WARN_NON_LITERAL_NULL_CONVERSION = YES;
				CLANG_WARN_OBJC_IMPLICIT_RETAIN_SELF = YES;
				CLANG_WARN_OBJC_LITERAL_CONVERSION = YES;
				CLANG_WARN_OBJC_ROOT_CLASS = YES_ERROR;
				CLANG_WARN_RANGE_LOOP_ANALYSIS = YES;
				CLANG_WARN_STRICT_PROTOTYPES = YES;
				CLANG_WARN_SUSPICIOUS_MOVE = YES;
				CLANG_WARN_UNGUARDED_AVAILABILITY = YES_AGGRESSIVE;
				CLANG_WARN_UNREACHABLE_CODE = YES;
				CLANG_WARN__DUPLICATE_METHOD_MATCH = YES;
				COPY_PHASE_STRIP = NO;
				DEBUG_INFORMATION_FORMAT = "dwarf-with-dsym";
				ENABLE_NS_ASSERTIONS = NO;
				ENABLE_STRICT_OBJC_MSGSEND = YES;
				GCC_C_LANGUAGE_STANDARD = gnu11;
				GCC_NO_COMMON_BLOCKS = YES;
				GCC_WARN_64_TO_32_BIT_CONVERSION = YES;
				GCC_WARN_ABOUT_RETURN_TYPE = YES_ERROR;
				GCC_WARN_UNDECLARED_SELECTOR = YES;
				GCC_WARN_UNINITIALIZED_AUTOS = YES_AGGRESSIVE;
				GCC_WARN_UNUSED_FUNCTION = YES;
				GCC_WARN_UNUSED_VARIABLE = YES;
				IPHONEOS_DEPLOYMENT_TARGET = 13.7;
				MTL_ENABLE_DEBUG_INFO = NO;
				MTL_FAST_MATH = YES;
				SDKROOT = iphoneos;
				SWIFT_COMPILATION_MODE = wholemodule;
				SWIFT_OPTIMIZATION_LEVEL = "-O";
				VALIDATE_PRODUCT = YES;
			};
			name = Release;
		};
		8449FEE425DE3F080061168D /* Debug */ = {
			isa = XCBuildConfiguration;
			baseConfigurationReference = DB7E56095D26DC0294E7D48B /* Pods-Loodos(MovieApp).debug.xcconfig */;
			buildSettings = {
				ASSETCATALOG_COMPILER_APPICON_NAME = AppIcon;
				CODE_SIGN_STYLE = Automatic;
				DEVELOPMENT_TEAM = 25N5N47755;
				INFOPLIST_FILE = "Loodos(MovieApp)/Info.plist";
				LD_RUNPATH_SEARCH_PATHS = (
					"$(inherited)",
					"@executable_path/Frameworks",
				);
				PRODUCT_BUNDLE_IDENTIFIER = "com.Esaygiver.Loodos-MovieApp-";
				PRODUCT_NAME = "$(TARGET_NAME)";
				SWIFT_VERSION = 5.0;
				TARGETED_DEVICE_FAMILY = "1,2";
			};
			name = Debug;
		};
		8449FEE525DE3F080061168D /* Release */ = {
			isa = XCBuildConfiguration;
			baseConfigurationReference = 2C76FA9BABC984CDF5719CC8 /* Pods-Loodos(MovieApp).release.xcconfig */;
			buildSettings = {
				ASSETCATALOG_COMPILER_APPICON_NAME = AppIcon;
				CODE_SIGN_STYLE = Automatic;
				DEVELOPMENT_TEAM = 25N5N47755;
				INFOPLIST_FILE = "Loodos(MovieApp)/Info.plist";
				LD_RUNPATH_SEARCH_PATHS = (
					"$(inherited)",
					"@executable_path/Frameworks",
				);
				PRODUCT_BUNDLE_IDENTIFIER = "com.Esaygiver.Loodos-MovieApp-";
				PRODUCT_NAME = "$(TARGET_NAME)";
				SWIFT_VERSION = 5.0;
				TARGETED_DEVICE_FAMILY = "1,2";
			};
			name = Release;
		};
/* End XCBuildConfiguration section */

/* Begin XCConfigurationList section */
		8449FECA25DE3F000061168D /* Build configuration list for PBXProject "Loodos(MovieApp)" */ = {
			isa = XCConfigurationList;
			buildConfigurations = (
				8449FEE125DE3F080061168D /* Debug */,
				8449FEE225DE3F080061168D /* Release */,
			);
			defaultConfigurationIsVisible = 0;
			defaultConfigurationName = Release;
		};
		8449FEE325DE3F080061168D /* Build configuration list for PBXNativeTarget "Loodos(MovieApp)" */ = {
			isa = XCConfigurationList;
			buildConfigurations = (
				8449FEE425DE3F080061168D /* Debug */,
				8449FEE525DE3F080061168D /* Release */,
			);
			defaultConfigurationIsVisible = 0;
			defaultConfigurationName = Release;
		};
/* End XCConfigurationList section */
	};
	rootObject = 8449FEC725DE3F000061168D /* Project object */;
}
